
Microsoft Visual Studio Solution File, Format Version 12.00
# Visual Studio 14
VisualStudioVersion = 14.0.24720.0
MinimumVisualStudioVersion = 10.0.40219.1
Project("{FAE04EC0-301F-11D3-BF4B-00C04F79EFBC}") = "LoginServer", "LoginServer\LoginServer.csproj", "{9CA5F503-4747-415F-9301-3F39EAEB6E87}"
	ProjectSection(ProjectDependencies) = postProject
		{417998B4-0733-4115-8C8F-070982FC0CFE} = {417998B4-0733-4115-8C8F-070982FC0CFE}
	EndProjectSection
EndProject
Project("{FAE04EC0-301F-11D3-BF4B-00C04F79EFBC}") = "ChannelServer", "ChannelServer\ChannelServer.csproj", "{9735C9D1-7DF7-4FAA-B251-FA51AA025770}"
	ProjectSection(ProjectDependencies) = postProject
		{417998B4-0733-4115-8C8F-070982FC0CFE} = {417998B4-0733-4115-8C8F-070982FC0CFE}
	EndProjectSection
EndProject
Project("{FAE04EC0-301F-11D3-BF4B-00C04F79EFBC}") = "GameServer", "GameServer\GameServer.csproj", "{EC73506E-2588-431C-94D6-909180A5CD02}"
	ProjectSection(ProjectDependencies) = postProject
		{417998B4-0733-4115-8C8F-070982FC0CFE} = {417998B4-0733-4115-8C8F-070982FC0CFE}
	EndProjectSection
EndProject
Project("{FAE04EC0-301F-11D3-BF4B-00C04F79EFBC}") = "TEMethods", "TEMethods\TEMethods.csproj", "{417998B4-0733-4115-8C8F-070982FC0CFE}"
EndProject
Global
	GlobalSection(SolutionConfigurationPlatforms) = preSolution
		Debug|Any CPU = Debug|Any CPU
		Release|Any CPU = Release|Any CPU
	EndGlobalSection
	GlobalSection(ProjectConfigurationPlatforms) = postSolution
		{9CA5F503-4747-415F-9301-3F39EAEB6E87}.Debug|Any CPU.ActiveCfg = Debug|Any CPU
		{9CA5F503-4747-415F-9301-3F39EAEB6E87}.Debug|Any CPU.Build.0 = Debug|Any CPU
		{9CA5F503-4747-415F-9301-3F39EAEB6E87}.Release|Any CPU.ActiveCfg = Release|Any CPU
		{9CA5F503-4747-415F-9301-3F39EAEB6E87}.Release|Any CPU.Build.0 = Release|Any CPU
		{9735C9D1-7DF7-4FAA-B251-FA51AA025770}.Debug|Any CPU.ActiveCfg = Debug|Any CPU
		{9735C9D1-7DF7-4FAA-B251-FA51AA025770}.Debug|Any CPU.Build.0 = Debug|Any CPU
		{9735C9D1-7DF7-4FAA-B251-FA51AA025770}.Release|Any CPU.ActiveCfg = Release|Any CPU
		{9735C9D1-7DF7-4FAA-B251-FA51AA025770}.Release|Any CPU.Build.0 = Release|Any CPU
		{EC73506E-2588-431C-94D6-909180A5CD02}.Debug|Any CPU.ActiveCfg = Debug|Any CPU
		{EC73506E-2588-431C-94D6-909180A5CD02}.Debug|Any CPU.Build.0 = Debug|Any CPU
		{EC73506E-2588-431C-94D6-909180A5CD02}.Release|Any CPU.ActiveCfg = Release|Any CPU
		{EC73506E-2588-431C-94D6-909180A5CD02}.Release|Any CPU.Build.0 = Release|Any CPU
		{417998B4-0733-4115-8C8F-070982FC0CFE}.Debug|Any CPU.ActiveCfg = Debug|Any CPU
		{417998B4-0733-4115-8C8F-070982FC0CFE}.Debug|Any CPU.Build.0 = Debug|Any CPU
		{417998B4-0733-4115-8C8F-070982FC0CFE}.Release|Any CPU.ActiveCfg = Release|Any CPU
		{417998B4-0733-4115-8C8F-070982FC0CFE}.Release|Any CPU.Build.0 = Release|Any CPU
	EndGlobalSection
	GlobalSection(SolutionProperties) = preSolution
		HideSolutionNode = FALSE
	EndGlobalSection
EndGlobal
